
Microsoft Visual Studio Solution File, Format Version 12.00
# Visual Studio Version 17
VisualStudioVersion = 17.0.31903.59
MinimumVisualStudioVersion = 10.0.40219.1
Project("{2150E333-8FDC-42A3-9474-1A3956D46DE8}") = "Items", "Items", "{02EA681E-C7D8-13C7-8484-4AC65E1B71E8}"
	ProjectSection(SolutionItems) = preProject
		diagram.drawio = diagram.drawio
		README.md = README.md
	EndProjectSection
EndProject
Project("{FAE04EC0-301F-11D3-BF4B-00C04F79EFBC}") = "Configurations", "source\Configurations\Configurations.csproj", "{C14EA42F-1D71-4AE8-893B-467E0A21A8C9}"
EndProject
Project("{FAE04EC0-301F-11D3-BF4B-00C04F79EFBC}") = "Aspire.Host", "source\Aspire\Aspire.Host\Aspire.Host.csproj", "{D6EDED4F-4C5A-4489-B951-9166D41D2E34}"
EndProject
Project("{FAE04EC0-301F-11D3-BF4B-00C04F79EFBC}") = "API", "source\API\API.csproj", "{AFA9D3DB-0091-4C33-701C-77F3D1BC8A94}"
EndProject
Project("{FAE04EC0-301F-11D3-BF4B-00C04F79EFBC}") = "Domain", "source\Domain\Domain.csproj", "{6CAC97EB-5EA5-408D-9C01-C5ACFF692689}"
EndProject
Project("{FAE04EC0-301F-11D3-BF4B-00C04F79EFBC}") = "Blazor", "source\Blazor\Blazor.csproj", "{576E49C5-5706-F6AA-F5D1-946EAF488A64}"
EndProject
Global
	GlobalSection(SolutionConfigurationPlatforms) = preSolution
		Debug|Any CPU = Debug|Any CPU
		Release|Any CPU = Release|Any CPU
	EndGlobalSection
	GlobalSection(ProjectConfigurationPlatforms) = postSolution
		{C14EA42F-1D71-4AE8-893B-467E0A21A8C9}.Debug|Any CPU.ActiveCfg = Debug|Any CPU
		{C14EA42F-1D71-4AE8-893B-467E0A21A8C9}.Debug|Any CPU.Build.0 = Debug|Any CPU
		{C14EA42F-1D71-4AE8-893B-467E0A21A8C9}.Release|Any CPU.ActiveCfg = Release|Any CPU
		{C14EA42F-1D71-4AE8-893B-467E0A21A8C9}.Release|Any CPU.Build.0 = Release|Any CPU
		{D6EDED4F-4C5A-4489-B951-9166D41D2E34}.Debug|Any CPU.ActiveCfg = Debug|Any CPU
		{D6EDED4F-4C5A-4489-B951-9166D41D2E34}.Debug|Any CPU.Build.0 = Debug|Any CPU
		{D6EDED4F-4C5A-4489-B951-9166D41D2E34}.Release|Any CPU.ActiveCfg = Release|Any CPU
		{D6EDED4F-4C5A-4489-B951-9166D41D2E34}.Release|Any CPU.Build.0 = Release|Any CPU
		{AFA9D3DB-0091-4C33-701C-77F3D1BC8A94}.Debug|Any CPU.ActiveCfg = Debug|Any CPU
		{AFA9D3DB-0091-4C33-701C-77F3D1BC8A94}.Debug|Any CPU.Build.0 = Debug|Any CPU
		{AFA9D3DB-0091-4C33-701C-77F3D1BC8A94}.Release|Any CPU.ActiveCfg = Release|Any CPU
		{AFA9D3DB-0091-4C33-701C-77F3D1BC8A94}.Release|Any CPU.Build.0 = Release|Any CPU
		{6CAC97EB-5EA5-408D-9C01-C5ACFF692689}.Debug|Any CPU.ActiveCfg = Debug|Any CPU
		{6CAC97EB-5EA5-408D-9C01-C5ACFF692689}.Debug|Any CPU.Build.0 = Debug|Any CPU
		{6CAC97EB-5EA5-408D-9C01-C5ACFF692689}.Release|Any CPU.ActiveCfg = Release|Any CPU
		{6CAC97EB-5EA5-408D-9C01-C5ACFF692689}.Release|Any CPU.Build.0 = Release|Any CPU
		{576E49C5-5706-F6AA-F5D1-946EAF488A64}.Debug|Any CPU.ActiveCfg = Debug|Any CPU
		{576E49C5-5706-F6AA-F5D1-946EAF488A64}.Debug|Any CPU.Build.0 = Debug|Any CPU
		{576E49C5-5706-F6AA-F5D1-946EAF488A64}.Release|Any CPU.ActiveCfg = Release|Any CPU
		{576E49C5-5706-F6AA-F5D1-946EAF488A64}.Release|Any CPU.Build.0 = Release|Any CPU
	EndGlobalSection
	GlobalSection(SolutionProperties) = preSolution
		HideSolutionNode = FALSE
	EndGlobalSection
	GlobalSection(ExtensibilityGlobals) = postSolution
		SolutionGuid = {E25162C0-1AB8-4589-A07F-6D95F07C85BC}
	EndGlobalSection
EndGlobal
